{
  "lockfileVersion": 1,
  "workspaces": {
    "": {
      "name": "securevote",
      "dependencies": {
        "@playwright/test": "^1.56.0",
        "@radix-ui/react-slot": "^1.2.3",
        "class-variance-authority": "^0.7.1",
        "clsx": "^2.1.1",
        "tailwind-merge": "^3.3.1",
      },
      "devDependencies": {
        "@types/node": "^22.5.0",
        "prettier": "^3.3.3",
        "turbo": "^2.1.0",
        "typescript": "^5.6.2",
      },
    },
  },
  "packages": {
    "@playwright/test": ["@playwright/test@1.56.0", "", { "dependencies": { "playwright": "1.56.0" }, "bin": { "playwright": "cli.js" } }, "sha512-Tzh95Twig7hUwwNe381/K3PggZBZblKUe2wv25oIpzWLr6Z0m4KgV1ZVIjnR6GM9ANEqjZD7XsZEa6JL/7YEgg=="],

    "@radix-ui/react-compose-refs": ["@radix-ui/react-compose-refs@1.1.2", "", { "peerDependencies": { "@types/react": "*", "react": "^16.8 || ^17.0 || ^18.0 || ^19.0 || ^19.0.0-rc" }, "optionalPeers": ["@types/react"] }, "sha512-z4eqJvfiNnFMHIIvXP3CY57y2WJs5g2v3X0zm9mEJkrkNv4rDxu+sg9Jh8EkXyeqBkB7SOcboo9dMVqhyrACIg=="],

    "@radix-ui/react-slot": ["@radix-ui/react-slot@1.2.3", "", { "dependencies": { "@radix-ui/react-compose-refs": "1.1.2" }, "peerDependencies": { "@types/react": "*", "react": "^16.8 || ^17.0 || ^18.0 || ^19.0 || ^19.0.0-rc" }, "optionalPeers": ["@types/react"] }, "sha512-aeNmHnBxbi2St0au6VBVC7JXFlhLlOnvIIlePNniyUNAClzmtAUEY8/pBiK3iHjufOlwA+c20/8jngo7xcrg8A=="],

    "@types/node": ["@types/node@22.18.8", "", { "dependencies": { "undici-types": "~6.21.0" } }, "sha512-pAZSHMiagDR7cARo/cch1f3rXy0AEXwsVsVH09FcyeJVAzCnGgmYis7P3JidtTUjyadhTeSo8TgRPswstghDaw=="],

    "class-variance-authority": ["class-variance-authority@0.7.1", "", { "dependencies": { "clsx": "^2.1.1" } }, "sha512-Ka+9Trutv7G8M6WT6SeiRWz792K5qEqIGEGzXKhAE6xOWAY6pPH8U+9IY3oCMv6kqTmLsv7Xh/2w2RigkePMsg=="],

    "clsx": ["clsx@2.1.1", "", {}, "sha512-eYm0QWBtUrBWZWG0d386OGAw16Z995PiOVo2B7bjWSbHedGl5e0ZWaq65kOGgUSNesEIDkB9ISbTg/JK9dhCZA=="],

    "fsevents": ["fsevents@2.3.2", "", { "os": "darwin" }, "sha512-xiqMQR4xAeHTuB9uWm+fFRcIOgKBMiOBP+eXiyT7jsgVCq1bkVygt00oASowB7EdtpOHaaPgKt812P9ab+DDKA=="],

    "playwright": ["playwright@1.56.0", "", { "dependencies": { "playwright-core": "1.56.0" }, "optionalDependencies": { "fsevents": "2.3.2" }, "bin": { "playwright": "cli.js" } }, "sha512-X5Q1b8lOdWIE4KAoHpW3SE8HvUB+ZZsUoN64ZhjnN8dOb1UpujxBtENGiZFE+9F/yhzJwYa+ca3u43FeLbboHA=="],

    "playwright-core": ["playwright-core@1.56.0", "", { "bin": { "playwright-core": "cli.js" } }, "sha512-1SXl7pMfemAMSDn5rkPeZljxOCYAmQnYLBTExuh6E8USHXGSX3dx6lYZN/xPpTz1vimXmPA9CDnILvmJaB8aSQ=="],

    "prettier": ["prettier@3.6.2", "", { "bin": { "prettier": "bin/prettier.cjs" } }, "sha512-I7AIg5boAr5R0FFtJ6rCfD+LFsWHp81dolrFD8S79U9tb8Az2nGrJncnMSnys+bpQJfRUzqs9hnA81OAA3hCuQ=="],

    "react": ["react@19.2.0", "", {}, "sha512-tmbWg6W31tQLeB5cdIBOicJDJRR2KzXsV7uSK9iNfLWQ5bIZfxuPEHp7M8wiHyHnn0DD1i7w3Zmin0FtkrwoCQ=="],

    "tailwind-merge": ["tailwind-merge@3.3.1", "", {}, "sha512-gBXpgUm/3rp1lMZZrM/w7D8GKqshif0zAymAhbCyIt8KMe+0v9DQ7cdYLR4FHH/cKpdTXb+A/tKKU3eolfsI+g=="],

    "turbo": ["turbo@2.5.8", "", { "optionalDependencies": { "turbo-darwin-64": "2.5.8", "turbo-darwin-arm64": "2.5.8", "turbo-linux-64": "2.5.8", "turbo-linux-arm64": "2.5.8", "turbo-windows-64": "2.5.8", "turbo-windows-arm64": "2.5.8" }, "bin": { "turbo": "bin/turbo" } }, "sha512-5c9Fdsr9qfpT3hA0EyYSFRZj1dVVsb6KIWubA9JBYZ/9ZEAijgUEae0BBR/Xl/wekt4w65/lYLTFaP3JmwSO8w=="],

    "turbo-darwin-64": ["turbo-darwin-64@2.5.8", "", { "os": "darwin", "cpu": "x64" }, "sha512-Dh5bCACiHO8rUXZLpKw+m3FiHtAp2CkanSyJre+SInEvEr5kIxjGvCK/8MFX8SFRjQuhjtvpIvYYZJB4AGCxNQ=="],

    "turbo-darwin-arm64": ["turbo-darwin-arm64@2.5.8", "", { "os": "darwin", "cpu": "arm64" }, "sha512-f1H/tQC9px7+hmXn6Kx/w8Jd/FneIUnvLlcI/7RGHunxfOkKJKvsoiNzySkoHQ8uq1pJnhJ0xNGTlYM48ZaJOQ=="],

    "turbo-linux-64": ["turbo-linux-64@2.5.8", "", { "os": "linux", "cpu": "x64" }, "sha512-hMyvc7w7yadBlZBGl/bnR6O+dJTx3XkTeyTTH4zEjERO6ChEs0SrN8jTFj1lueNXKIHh1SnALmy6VctKMGnWfw=="],

    "turbo-linux-arm64": ["turbo-linux-arm64@2.5.8", "", { "os": "linux", "cpu": "arm64" }, "sha512-LQELGa7bAqV2f+3rTMRPnj5G/OHAe2U+0N9BwsZvfMvHSUbsQ3bBMWdSQaYNicok7wOZcHjz2TkESn1hYK6xIQ=="],

    "turbo-windows-64": ["turbo-windows-64@2.5.8", "", { "os": "win32", "cpu": "x64" }, "sha512-3YdcaW34TrN1AWwqgYL9gUqmZsMT4T7g8Y5Azz+uwwEJW+4sgcJkIi9pYFyU4ZBSjBvkfuPZkGgfStir5BBDJQ=="],

    "turbo-windows-arm64": ["turbo-windows-arm64@2.5.8", "", { "os": "win32", "cpu": "arm64" }, "sha512-eFC5XzLmgXJfnAK3UMTmVECCwuBcORrWdewoiXBnUm934DY6QN8YowC/srhNnROMpaKaqNeRpoB5FxCww3eteQ=="],

    "typescript": ["typescript@5.9.3", "", { "bin": { "tsc": "bin/tsc", "tsserver": "bin/tsserver" } }, "sha512-jl1vZzPDinLr9eUt3J/t7V6FgNEw9QjvBPdysz9KfQDD41fQrC2Y4vKQdiaUpFT4bXlb1RHhLpp8wtm6M5TgSw=="],

    "undici-types": ["undici-types@6.21.0", "", {}, "sha512-iwDZqg0QAGrg9Rav5H4n0M64c3mkR59cJ6wQp+7C4nI0gsmExaedaYLNO44eT4AtBBwjbTiGPMlt2Md0T9H9JQ=="],
  }
}
